
Microsoft Visual Studio Solution File, Format Version 12.00
# Visual Studio Version 16
VisualStudioVersion = 16.0.30011.22
MinimumVisualStudioVersion = 10.0.40219.1
Project("{8BC9CEB8-8B4A-11D0-8D11-00A0C91BC942}") = "heightOfBall", "heightOfBall\heightOfBall.vcxproj", "{AC2F954F-03E4-4BF2-B52C-6529180D1D43}"
EndProject
Global
	GlobalSection(SolutionConfigurationPlatforms) = preSolution
		Debug|x64 = Debug|x64
		Debug|x86 = Debug|x86
		Release|x64 = Release|x64
		Release|x86 = Release|x86
	EndGlobalSection
	GlobalSection(ProjectConfigurationPlatforms) = postSolution
		{AC2F954F-03E4-4BF2-B52C-6529180D1D43}.Debug|x64.ActiveCfg = Debug|x64
		{AC2F954F-03E4-4BF2-B52C-6529180D1D43}.Debug|x64.Build.0 = Debug|x64
		{AC2F954F-03E4-4BF2-B52C-6529180D1D43}.Debug|x86.ActiveCfg = Debug|Win32
		{AC2F954F-03E4-4BF2-B52C-6529180D1D43}.Debug|x86.Build.0 = Debug|Win32
		{AC2F954F-03E4-4BF2-B52C-6529180D1D43}.Release|x64.ActiveCfg = Release|x64
		{AC2F954F-03E4-4BF2-B52C-6529180D1D43}.Release|x64.Build.0 = Release|x64
		{AC2F954F-03E4-4BF2-B52C-6529180D1D43}.Release|x86.ActiveCfg = Release|Win32
		{AC2F954F-03E4-4BF2-B52C-6529180D1D43}.Release|x86.Build.0 = Release|Win32
	EndGlobalSection
	GlobalSection(SolutionProperties) = preSolution
		HideSolutionNode = FALSE
	EndGlobalSection
	GlobalSection(ExtensibilityGlobals) = postSolution
		SolutionGuid = {66E96791-7BC8-4788-8A78-68A04F6EF457}
	EndGlobalSection
EndGlobal
