
Microsoft Visual Studio Solution File, Format Version 12.00
# Visual Studio Version 16
VisualStudioVersion = 16.0.30104.148
MinimumVisualStudioVersion = 10.0.40219.1
Project("{8BC9CEB8-8B4A-11D0-8D11-00A0C91BC942}") = "printDateClass", "printDateClass\printDateClass.vcxproj", "{8B311C02-AA86-4D93-A3F2-0FBBAC020C93}"
EndProject
Global
	GlobalSection(SolutionConfigurationPlatforms) = preSolution
		Debug|x64 = Debug|x64
		Debug|x86 = Debug|x86
		Release|x64 = Release|x64
		Release|x86 = Release|x86
	EndGlobalSection
	GlobalSection(ProjectConfigurationPlatforms) = postSolution
		{8B311C02-AA86-4D93-A3F2-0FBBAC020C93}.Debug|x64.ActiveCfg = Debug|x64
		{8B311C02-AA86-4D93-A3F2-0FBBAC020C93}.Debug|x64.Build.0 = Debug|x64
		{8B311C02-AA86-4D93-A3F2-0FBBAC020C93}.Debug|x86.ActiveCfg = Debug|Win32
		{8B311C02-AA86-4D93-A3F2-0FBBAC020C93}.Debug|x86.Build.0 = Debug|Win32
		{8B311C02-AA86-4D93-A3F2-0FBBAC020C93}.Release|x64.ActiveCfg = Release|x64
		{8B311C02-AA86-4D93-A3F2-0FBBAC020C93}.Release|x64.Build.0 = Release|x64
		{8B311C02-AA86-4D93-A3F2-0FBBAC020C93}.Release|x86.ActiveCfg = Release|Win32
		{8B311C02-AA86-4D93-A3F2-0FBBAC020C93}.Release|x86.Build.0 = Release|Win32
	EndGlobalSection
	GlobalSection(SolutionProperties) = preSolution
		HideSolutionNode = FALSE
	EndGlobalSection
	GlobalSection(ExtensibilityGlobals) = postSolution
		SolutionGuid = {51A92F79-C4A0-4CC8-B05B-0A60A4F43B27}
	EndGlobalSection
EndGlobal
