
Microsoft Visual Studio Solution File, Format Version 12.00
# Visual Studio Version 16
VisualStudioVersion = 16.0.30104.148
MinimumVisualStudioVersion = 10.0.40219.1
Project("{8BC9CEB8-8B4A-11D0-8D11-00A0C91BC942}") = "printNumbersEncapsulated", "printNumbersEncapsulated\printNumbersEncapsulated.vcxproj", "{F91ECE7E-18E6-4D88-84FB-D2F69E21E58E}"
EndProject
Global
	GlobalSection(SolutionConfigurationPlatforms) = preSolution
		Debug|x64 = Debug|x64
		Debug|x86 = Debug|x86
		Release|x64 = Release|x64
		Release|x86 = Release|x86
	EndGlobalSection
	GlobalSection(ProjectConfigurationPlatforms) = postSolution
		{F91ECE7E-18E6-4D88-84FB-D2F69E21E58E}.Debug|x64.ActiveCfg = Debug|x64
		{F91ECE7E-18E6-4D88-84FB-D2F69E21E58E}.Debug|x64.Build.0 = Debug|x64
		{F91ECE7E-18E6-4D88-84FB-D2F69E21E58E}.Debug|x86.ActiveCfg = Debug|Win32
		{F91ECE7E-18E6-4D88-84FB-D2F69E21E58E}.Debug|x86.Build.0 = Debug|Win32
		{F91ECE7E-18E6-4D88-84FB-D2F69E21E58E}.Release|x64.ActiveCfg = Release|x64
		{F91ECE7E-18E6-4D88-84FB-D2F69E21E58E}.Release|x64.Build.0 = Release|x64
		{F91ECE7E-18E6-4D88-84FB-D2F69E21E58E}.Release|x86.ActiveCfg = Release|Win32
		{F91ECE7E-18E6-4D88-84FB-D2F69E21E58E}.Release|x86.Build.0 = Release|Win32
	EndGlobalSection
	GlobalSection(SolutionProperties) = preSolution
		HideSolutionNode = FALSE
	EndGlobalSection
	GlobalSection(ExtensibilityGlobals) = postSolution
		SolutionGuid = {CD776CCE-361E-46CE-ACB0-94FEFA855C8C}
	EndGlobalSection
EndGlobal
