
Microsoft Visual Studio Solution File, Format Version 12.00
# Visual Studio Version 16
VisualStudioVersion = 16.0.30104.148
MinimumVisualStudioVersion = 10.0.40219.1
Project("{8BC9CEB8-8B4A-11D0-8D11-00A0C91BC942}") = "recursiveCountdown", "recursiveCountdown\recursiveCountdown.vcxproj", "{3E3180A3-62E1-40DE-9568-6F473ED7C531}"
EndProject
Global
	GlobalSection(SolutionConfigurationPlatforms) = preSolution
		Debug|x64 = Debug|x64
		Debug|x86 = Debug|x86
		Release|x64 = Release|x64
		Release|x86 = Release|x86
	EndGlobalSection
	GlobalSection(ProjectConfigurationPlatforms) = postSolution
		{3E3180A3-62E1-40DE-9568-6F473ED7C531}.Debug|x64.ActiveCfg = Debug|x64
		{3E3180A3-62E1-40DE-9568-6F473ED7C531}.Debug|x64.Build.0 = Debug|x64
		{3E3180A3-62E1-40DE-9568-6F473ED7C531}.Debug|x86.ActiveCfg = Debug|Win32
		{3E3180A3-62E1-40DE-9568-6F473ED7C531}.Debug|x86.Build.0 = Debug|Win32
		{3E3180A3-62E1-40DE-9568-6F473ED7C531}.Release|x64.ActiveCfg = Release|x64
		{3E3180A3-62E1-40DE-9568-6F473ED7C531}.Release|x64.Build.0 = Release|x64
		{3E3180A3-62E1-40DE-9568-6F473ED7C531}.Release|x86.ActiveCfg = Release|Win32
		{3E3180A3-62E1-40DE-9568-6F473ED7C531}.Release|x86.Build.0 = Release|Win32
	EndGlobalSection
	GlobalSection(SolutionProperties) = preSolution
		HideSolutionNode = FALSE
	EndGlobalSection
	GlobalSection(ExtensibilityGlobals) = postSolution
		SolutionGuid = {5B9942DA-0EC7-4906-B12B-73FC6D7AD6AD}
	EndGlobalSection
EndGlobal
